hash: 10a6ee88e7ba54fe5e5ccb333ffdae377e454852bd4242a004511f756cf20702
updated: 2017-06-14T20:16:48.650528842Z
imports:
- name: cloud.google.com/go
  version: 3b1ae45394a234c385be014e9a488f2bb6eef821
  subpackages:
  - compute/metadata
  - internal
- name: github.com/beevik/etree
  version: 09746331a38f3da8c023a85a65c8c152070de725
- name: github.com/blang/semver
  version: 31b736133b98f26d5e078ec9eb591666edfd091f
- name: github.com/certifi/gocertifi
  version: a9c833d2837d3b16888d55d5aafa9ffe9afb22b0
- name: github.com/cockroachdb/cockroach-go
  version: 41e9ceadabbc9fdff3017bc6b3d320ae74bd0129
  subpackages:
  - crdb
- name: github.com/coreos/dex
  version: 15242a86b83058d0b3409a304320878006e1c3c6
  subpackages:
  - api
  - connector
  - connector/github
  - connector/gitlab
  - connector/ldap
  - connector/mock
  - connector/oidc
  - connector/saml
  - server
  - server/internal
  - storage
  - storage/kubernetes
  - storage/kubernetes/k8sapi
  - storage/memory
  - storage/sql
  - version
- name: github.com/coreos/go-oidc
  version: 5cf2aa52da8c574d3aa4458f471ad6ae2240fe6b
  subpackages:
  - http
  - jose
  - key
  - oauth2
  - oidc
- name: github.com/coreos/go-systemd
  version: 4484981625c1a6a2ecb40a390fcb6a9bcfee76e3
  subpackages:
  - activation
  - daemon
  - dbus
  - journal
  - unit
  - util
- name: github.com/coreos/pkg
  version: fa29b1d70f0beaddd4c7021607cc3c3be8ce94b8
  subpackages:
  - capnslog
  - dlopen
  - health
  - httputil
  - timeutil
- name: github.com/davecgh/go-spew
  version: 5215b55f46b2b919f50a1df0eaa5886afe4e3b3d
  subpackages:
  - spew
- name: github.com/docker/distribution
  version: cd27f179f2c10c5d300e6d09025b538c475b0d51
  subpackages:
  - digest
  - reference
- name: github.com/emicklei/go-restful
  version: 89ef8af493ab468a45a42bb0d89a06fccdd2fb22
  subpackages:
  - log
  - swagger
- name: github.com/fsnotify/fsnotify
  version: f12c6236fe7b5cf6bcf30e5935d08cb079d78334
- name: github.com/getsentry/raven-go
  version: d175f85701dfbf44cb0510114c9943e665e60907
- name: github.com/ghodss/yaml
  version: 73d445a93680fa1a78ae23a5839bad48f32ba1ee
- name: github.com/go-openapi/jsonpointer
  version: 46af16f9f7b149af66e5d1bd010e3574dc06de98
- name: github.com/go-openapi/jsonreference
  version: 13c6e3589ad90f49bd3e3bbe2c2cb3d7a4142272
- name: github.com/go-openapi/spec
  version: 6aced65f8501fe1217321abf0749d354824ba2ff
- name: github.com/go-openapi/swag
  version: 1d0bd113de87027671077d3c71eb3ac5d7dbba72
- name: github.com/go-sql-driver/mysql
  version: a825be04c652d01442384e9dcdf2cdc3f1eda67f
- name: github.com/gogo/protobuf
  version: e18d7aa8f8c624c915db340349aad4c49b10d173
  subpackages:
  - gogoproto
  - plugin/compare
  - plugin/defaultcheck
  - plugin/description
  - plugin/embedcheck
  - plugin/enumstringer
  - plugin/equal
  - plugin/face
  - plugin/gostring
  - plugin/marshalto
  - plugin/oneofcheck
  - plugin/populate
  - plugin/size
  - plugin/stringer
  - plugin/testgen
  - plugin/union
  - plugin/unmarshal
  - proto
  - protoc-gen-gogo/descriptor
  - protoc-gen-gogo/generator
  - protoc-gen-gogo/grpc
  - protoc-gen-gogo/plugin
  - sortkeys
  - vanity
  - vanity/command
- name: github.com/golang/glog
  version: 23def4e6c14b4da8ac2ed8007337bc5eb5007998
- name: github.com/golang/protobuf
  version: 8616e8ee5e20a1704615e6c8d7afcdac06087a67
  subpackages:
  - jsonpb
  - proto
  - ptypes/any
- name: github.com/google/gofuzz
  version: bbcb9da2d746f8bdbd6a936686a0a6067ada0ec5
- name: github.com/gophercloud/gophercloud
  version: 12f19e5e04d617182cffa5c11f189ef0013b9791
  subpackages:
  - openstack
  - openstack/compute/v2/flavors
  - openstack/compute/v2/images
  - openstack/compute/v2/servers
  - openstack/identity/v2/tenants
  - openstack/identity/v2/tokens
  - openstack/identity/v2/users
  - openstack/identity/v3/projects
  - openstack/identity/v3/tokens
  - openstack/imageservice/v2/images
  - openstack/networking/v2/extensions/layer3/routers
  - openstack/networking/v2/extensions/security/groups
  - openstack/networking/v2/extensions/security/rules
  - openstack/networking/v2/networks
  - openstack/networking/v2/ports
  - openstack/networking/v2/subnets
  - openstack/utils
  - pagination
- name: github.com/gorilla/context
  version: 215affda49addc4c8ef7e2534915df2c8c35c6cd
- name: github.com/gorilla/handlers
  version: a4d79d4487c2430a17d9dc8a1f74d1a6ed6908ca
- name: github.com/gorilla/mux
  version: 8096f47503459bcc74d1f4c487b7e6e42e5746b5
- name: github.com/grpc-ecosystem/grpc-gateway
  version: 589b126116b5fc961939b3e156c29e4d9d58222f
  subpackages:
  - runtime
  - runtime/internal
  - third_party/googleapis/google/api
  - utilities
- name: github.com/gtank/cryptopasta
  version: 1f550f6f2f69009f6ae57347c188e0a67cd4e500
- name: github.com/hashicorp/hcl
  version: d8c773c4cba11b11539e3d45f93daeaa5dcf1fa1
  subpackages:
  - hcl/ast
  - hcl/parser
  - hcl/scanner
  - hcl/strconv
  - hcl/token
  - json/parser
  - json/scanner
  - json/token
- name: github.com/howeyc/gopass
  version: 3ca23474a7c7203e0a0a070fd33508f6efdb9b3d
- name: github.com/imdario/mergo
  version: 6633656539c1639d9d78127b7d47c622b5d7b6dc
- name: github.com/inconshreveable/mousetrap
  version: 76626ae9c91c4f2a10f34cad8ce83ea42c93bb75
- name: github.com/jinzhu/gorm
  version: eae7f6be603af3190e032fe3c4d465ddaf6ea3d4
  subpackages:
  - dialects/postgres
- name: github.com/jinzhu/inflection
  version: 1c35d901db3da928c72a72d8458480cc9ade058f
- name: github.com/jonboulle/clockwork
  version: 72f9bd7c4e0c2a40055ab3d0f09654f730cce982
- name: github.com/juju/ratelimit
  version: 77ed1c8a01217656d2080ad51981f6e99adaa177
- name: github.com/kr/fs
  version: 2788f0dbd16903de03cb8186e5c7d97b69ad387b
- name: github.com/lib/pq
  version: 8837942c3e09574accbc5f150e2c5e057189cace
  subpackages:
  - hstore
  - oid
- name: github.com/magiconair/properties
  version: 61b492c03cf472e0c6419be5899b8e0dc28b1b88
- name: github.com/mailru/easyjson
  version: d5b7844b561a7bc640052f1b935f7b800330d7e0
  subpackages:
  - buffer
  - jlexer
  - jwriter
- name: github.com/mattn/go-sqlite3
  version: 83772a7051f5e30d8e59746a9e43dfa706b72f3b
- name: github.com/mitchellh/mapstructure
  version: db1efb556f84b25a0a13a04aad883943538ad2e0
- name: github.com/pborman/uuid
  version: ca53cad383cad2479bbba7f7a1a05797ec1386e4
- name: github.com/pelletier/go-buffruneio
  version: df1e16fde7fc330a0ca68167c23bf7ed6ac31d6d
- name: github.com/pelletier/go-toml
  version: 0049ab3dc4c4c70a9eee23087437b69c0dde2130
- name: github.com/philips/go-bindata-assetfs
  version: 3dcc96556217539f50599357fb481ac0dc7439b9
- name: github.com/pkg/errors
  version: a22138067af1c4942683050411a841ade67fe1eb
- name: github.com/pkg/sftp
  version: 4d0e916071f68db74f8a73926335f809396d6b42
- name: github.com/PuerkitoBio/purell
  version: 8a290539e2e8629dbc4e6bad948158f790ec31f4
- name: github.com/PuerkitoBio/urlesc
  version: 5bd2802263f21d8788851d5305584c82a5c75d7e
- name: github.com/russellhaering/goxmldsig
  version: 605161228693b2efadce55323c9c661a40c5fbaa
  subpackages:
  - etreeutils
  - types
- name: github.com/sapcc/kubernetes-operators
  version: e7ce291ed5cdc8a1a0a73fa1a52871d6fd1c6c25
  subpackages:
  - openstack-operator/pkg/seeder
- name: github.com/Sirupsen/logrus
  version: ba1b36c82c5e05c4f912a88eab0dcd91a171688f
- name: github.com/spf13/afero
  version: b28a7effac979219c2a2ed6205a4d70e4b1bcd02
  subpackages:
  - mem
  - sftp
- name: github.com/spf13/cast
  version: e31f36ffc91a2ba9ddb72a4b6a607ff9b3d3cb63
- name: github.com/spf13/cobra
  version: 9c28e4bbd74e5c3ed7aacbc552b2cab7cfdfe744
- name: github.com/spf13/jwalterweatherman
  version: 33c24e77fb80341fe7130ee7c594256ff08ccc46
- name: github.com/spf13/pflag
  version: c7e63cf4530bcd3ba943729cee0efeff2ebea63f
- name: github.com/spf13/viper
  version: 382f87b929b84ce13e9c8a375a4b217f224e6c65
- name: github.com/ugorji/go
  version: f1f1a805ed361a0e078bb537e4ea78cd37dcf065
  subpackages:
  - codec
  - codec/codecgen
- name: golang.org/x/crypto
  version: 1f22c0103821b9390939b6776727195525381532
  subpackages:
  - bcrypt
  - blowfish
  - curve25519
  - ssh
  - ssh/terminal
- name: golang.org/x/net
  version: e90d6d0afc4c315a0d87a568ae68577cc15149a0
  subpackages:
  - context
  - context/ctxhttp
  - http2
  - http2/hpack
  - idna
  - internal/timeseries
  - lex/httplex
  - trace
- name: golang.org/x/oauth2
  version: 3c3a985cb79f52a3190fbc056984415ca6763d01
  subpackages:
  - github
  - google
  - internal
  - jws
  - jwt
- name: golang.org/x/sys
  version: 9c60d1c508f5134d1ca726b4641db998f2523357
  subpackages:
  - unix
- name: golang.org/x/text
  version: 2910a502d2bf9e43193af9d68ca516529614eed3
  subpackages:
  - cases
  - internal/tag
  - language
  - runes
  - secure/bidirule
  - secure/precis
  - transform
  - unicode/bidi
  - unicode/norm
  - width
- name: google.golang.org/appengine
  version: 4f7eeb5305a4ba1966344836ba4af9996b7b4e05
  subpackages:
  - internal
  - internal/app_identity
  - internal/base
  - internal/datastore
  - internal/log
  - internal/modules
  - internal/remote_api
  - internal/urlfetch
  - urlfetch
- name: google.golang.org/genproto
  version: c6065ba8358f475e9b1e7f93cdea5d923078ba9a
  subpackages:
  - googleapis/rpc/status
- name: google.golang.org/grpc
  version: d8960bd63c6743defa6d54926e5edfa8e4a28e43
  subpackages:
  - codes
  - credentials
  - grpclb/grpc_lb_v1
  - grpclog
  - internal
  - keepalive
  - metadata
  - naming
  - peer
  - stats
  - status
  - tap
  - transport
- name: gopkg.in/asn1-ber.v1
  version: 379148ca0225df7a432012b8df0355c2a2063ac0
- name: gopkg.in/inf.v0
  version: 3887ee99ecf07df5b447e9b00d9c0b2adaa9f3e4
- name: gopkg.in/ldap.v2
  version: 8168ee085ee43257585e50c6441aadf54ecb2c9f
- name: gopkg.in/square/go-jose.v2
  version: b25e6cab129e4a54675b42ea49d38e9c33ade9e6
  subpackages:
  - cipher
  - json
- name: gopkg.in/yaml.v2
  version: 53feefa2559fb8dfa8d81baad31be332c97d6c77
- name: k8s.io/client-go
  version: 843f7c4f28b1f647f664f883697107d5c02c5acc
  subpackages:
  - 1.5/discovery
  - 1.5/kubernetes
  - 1.5/kubernetes/typed/apps/v1alpha1
  - 1.5/kubernetes/typed/authentication/v1beta1
  - 1.5/kubernetes/typed/authorization/v1beta1
  - 1.5/kubernetes/typed/autoscaling/v1
  - 1.5/kubernetes/typed/batch/v1
  - 1.5/kubernetes/typed/certificates/v1alpha1
  - 1.5/kubernetes/typed/core/v1
  - 1.5/kubernetes/typed/extensions/v1beta1
  - 1.5/kubernetes/typed/policy/v1alpha1
  - 1.5/kubernetes/typed/rbac/v1alpha1
  - 1.5/kubernetes/typed/storage/v1beta1
  - 1.5/pkg/api
  - 1.5/pkg/api/errors
  - 1.5/pkg/api/install
  - 1.5/pkg/api/meta
  - 1.5/pkg/api/meta/metatypes
  - 1.5/pkg/api/resource
  - 1.5/pkg/api/unversioned
  - 1.5/pkg/api/v1
  - 1.5/pkg/api/validation/path
  - 1.5/pkg/apimachinery
  - 1.5/pkg/apimachinery/announced
  - 1.5/pkg/apimachinery/registered
  - 1.5/pkg/apis/apps
  - 1.5/pkg/apis/apps/install
  - 1.5/pkg/apis/apps/v1alpha1
  - 1.5/pkg/apis/authentication
  - 1.5/pkg/apis/authentication/install
  - 1.5/pkg/apis/authentication/v1beta1
  - 1.5/pkg/apis/authorization
  - 1.5/pkg/apis/authorization/install
  - 1.5/pkg/apis/authorization/v1beta1
  - 1.5/pkg/apis/autoscaling
  - 1.5/pkg/apis/autoscaling/install
  - 1.5/pkg/apis/autoscaling/v1
  - 1.5/pkg/apis/batch
  - 1.5/pkg/apis/batch/install
  - 1.5/pkg/apis/batch/v1
  - 1.5/pkg/apis/batch/v2alpha1
  - 1.5/pkg/apis/certificates
  - 1.5/pkg/apis/certificates/install
  - 1.5/pkg/apis/certificates/v1alpha1
  - 1.5/pkg/apis/extensions
  - 1.5/pkg/apis/extensions/install
  - 1.5/pkg/apis/extensions/v1beta1
  - 1.5/pkg/apis/policy
  - 1.5/pkg/apis/policy/install
  - 1.5/pkg/apis/policy/v1alpha1
  - 1.5/pkg/apis/rbac
  - 1.5/pkg/apis/rbac/install
  - 1.5/pkg/apis/rbac/v1alpha1
  - 1.5/pkg/apis/storage
  - 1.5/pkg/apis/storage/install
  - 1.5/pkg/apis/storage/v1beta1
  - 1.5/pkg/auth/user
  - 1.5/pkg/conversion
  - 1.5/pkg/conversion/queryparams
  - 1.5/pkg/fields
  - 1.5/pkg/genericapiserver/openapi/common
  - 1.5/pkg/labels
  - 1.5/pkg/runtime
  - 1.5/pkg/runtime/serializer
  - 1.5/pkg/runtime/serializer/json
  - 1.5/pkg/runtime/serializer/protobuf
  - 1.5/pkg/runtime/serializer/recognizer
  - 1.5/pkg/runtime/serializer/streaming
  - 1.5/pkg/runtime/serializer/versioning
  - 1.5/pkg/selection
  - 1.5/pkg/third_party/forked/golang/reflect
  - 1.5/pkg/types
  - 1.5/pkg/util
  - 1.5/pkg/util/cert
  - 1.5/pkg/util/clock
  - 1.5/pkg/util/errors
  - 1.5/pkg/util/flowcontrol
  - 1.5/pkg/util/framer
  - 1.5/pkg/util/homedir
  - 1.5/pkg/util/integer
  - 1.5/pkg/util/intstr
  - 1.5/pkg/util/json
  - 1.5/pkg/util/labels
  - 1.5/pkg/util/net
  - 1.5/pkg/util/parsers
  - 1.5/pkg/util/rand
  - 1.5/pkg/util/runtime
  - 1.5/pkg/util/sets
  - 1.5/pkg/util/uuid
  - 1.5/pkg/util/validation
  - 1.5/pkg/util/validation/field
  - 1.5/pkg/util/wait
  - 1.5/pkg/util/yaml
  - 1.5/pkg/version
  - 1.5/pkg/watch
  - 1.5/pkg/watch/versioned
  - 1.5/plugin/pkg/client/auth
  - 1.5/plugin/pkg/client/auth/gcp
  - 1.5/plugin/pkg/client/auth/oidc
  - 1.5/rest
  - 1.5/tools/auth
  - 1.5/tools/cache
  - 1.5/tools/clientcmd
  - 1.5/tools/clientcmd/api
  - 1.5/tools/clientcmd/api/latest
  - 1.5/tools/clientcmd/api/v1
  - 1.5/tools/metrics
  - 1.5/transport
  - kubernetes
  - pkg/api
  - tools/clientcmd
- name: k8s.io/kubernetes
  version: 19e81afecf5eb2b7838c35e2cbf776aff04dc34c
  subpackages:
  - pkg/util/logs
  - pkg/util/wait
testImports: []
